
Microsoft Visual Studio Solution File, Format Version 12.00
# Visual Studio Version 17
VisualStudioVersion = 17.4.33103.184
MinimumVisualStudioVersion = 10.0.40219.1
Project("{FAE04EC0-301F-11D3-BF4B-00C04F79EFBC}") = "LavadoraMVC", "LavadoraMVC\LavadoraMVC.csproj", "{A6BBE470-E4A5-4C92-AAF4-341A6F01DEF0}"
EndProject
Global
	GlobalSection(SolutionConfigurationPlatforms) = preSolution
		Debug|Any CPU = Debug|Any CPU
		Release|Any CPU = Release|Any CPU
	EndGlobalSection
	GlobalSection(ProjectConfigurationPlatforms) = postSolution
		{A6BBE470-E4A5-4C92-AAF4-341A6F01DEF0}.Debug|Any CPU.ActiveCfg = Debug|Any CPU
		{A6BBE470-E4A5-4C92-AAF4-341A6F01DEF0}.Debug|Any CPU.Build.0 = Debug|Any CPU
		{A6BBE470-E4A5-4C92-AAF4-341A6F01DEF0}.Release|Any CPU.ActiveCfg = Release|Any CPU
		{A6BBE470-E4A5-4C92-AAF4-341A6F01DEF0}.Release|Any CPU.Build.0 = Release|Any CPU
	EndGlobalSection
	GlobalSection(SolutionProperties) = preSolution
		HideSolutionNode = FALSE
	EndGlobalSection
	GlobalSection(ExtensibilityGlobals) = postSolution
		SolutionGuid = {4FBC1C6D-3147-47A9-A817-18247C0F6465}
	EndGlobalSection
EndGlobal
